// !$*UTF8*$!
{
	archiveVersion = 1;
	classes = {
	};
	objectVersion = 56;
	objects = {

/* Begin PBXBuildFile section */
		62E3CE182997D903008B868C /* AppDelegate.swift in Sources */ = {isa = PBXBuildFile; fileRef = 62E3CE172997D903008B868C /* AppDelegate.swift */; };
		62E3CE1A2997D903008B868C /* SceneDelegate.swift in Sources */ = {isa = PBXBuildFile; fileRef = 62E3CE192997D903008B868C /* SceneDelegate.swift */; };
		62E3CE1C2997D903008B868C /* CalculatorVC.swift in Sources */ = {isa = PBXBuildFile; fileRef = 62E3CE1B2997D903008B868C /* CalculatorVC.swift */; };
		62E3CE1F2997D903008B868C /* Main.storyboard in Resources */ = {isa = PBXBuildFile; fileRef = 62E3CE1D2997D903008B868C /* Main.storyboard */; };
		62E3CE212997D904008B868C /* Assets.xcassets in Resources */ = {isa = PBXBuildFile; fileRef = 62E3CE202997D904008B868C /* Assets.xcassets */; };
		62E3CE242997D904008B868C /* LaunchScreen.storyboard in Resources */ = {isa = PBXBuildFile; fileRef = 62E3CE222997D904008B868C /* LaunchScreen.storyboard */; };
		62E3CE2F2997D905008B868C /* TipCalculatorTests.swift in Sources */ = {isa = PBXBuildFile; fileRef = 62E3CE2E2997D905008B868C /* TipCalculatorTests.swift */; };
		62E3CE392997D905008B868C /* TipCalculatorUITests.swift in Sources */ = {isa = PBXBuildFile; fileRef = 62E3CE382997D905008B868C /* TipCalculatorUITests.swift */; };
		62E3CE3B2997D905008B868C /* TipCalculatorUITestsLaunchTests.swift in Sources */ = {isa = PBXBuildFile; fileRef = 62E3CE3A2997D905008B868C /* TipCalculatorUITestsLaunchTests.swift */; };
		62E3CE492997D9D3008B868C /* CombineCocoa in Frameworks */ = {isa = PBXBuildFile; productRef = 62E3CE482997D9D3008B868C /* CombineCocoa */; };
		62E3CE4C2997D9F1008B868C /* SnapKit in Frameworks */ = {isa = PBXBuildFile; productRef = 62E3CE4B2997D9F1008B868C /* SnapKit */; };
		62E3CE4F2997DA69008B868C /* CombineCocoa in Frameworks */ = {isa = PBXBuildFile; productRef = 62E3CE4E2997DA69008B868C /* CombineCocoa */; };
		62E3CE522997DAA4008B868C /* SnapshotTesting in Frameworks */ = {isa = PBXBuildFile; productRef = 62E3CE512997DAA4008B868C /* SnapshotTesting */; };
		62E3CE542997DAAF008B868C /* CombineCocoa in Frameworks */ = {isa = PBXBuildFile; productRef = 62E3CE532997DAAF008B868C /* CombineCocoa */; };
		62E3CE5829984F45008B868C /* LogoView.swift in Sources */ = {isa = PBXBuildFile; fileRef = 62E3CE5729984F45008B868C /* LogoView.swift */; };
		62E3CE5A29985018008B868C /* ResultView.swift in Sources */ = {isa = PBXBuildFile; fileRef = 62E3CE5929985018008B868C /* ResultView.swift */; };
		62E3CE5C2998502F008B868C /* BillInputView.swift in Sources */ = {isa = PBXBuildFile; fileRef = 62E3CE5B2998502F008B868C /* BillInputView.swift */; };
		62E3CE5E29985040008B868C /* TipInputView.swift in Sources */ = {isa = PBXBuildFile; fileRef = 62E3CE5D29985040008B868C /* TipInputView.swift */; };
		62E3CE602998504B008B868C /* SplitInputView.swift in Sources */ = {isa = PBXBuildFile; fileRef = 62E3CE5F2998504B008B868C /* SplitInputView.swift */; };
/* End PBXBuildFile section */

/* Begin PBXContainerItemProxy section */
		62E3CE2B2997D905008B868C /* PBXContainerItemProxy */ = {
			isa = PBXContainerItemProxy;
			containerPortal = 62E3CE0C2997D903008B868C /* Project object */;
			proxyType = 1;
			remoteGlobalIDString = 62E3CE132997D903008B868C;
			remoteInfo = TipCalculator;
		};
		62E3CE352997D905008B868C /* PBXContainerItemProxy */ = {
			isa = PBXContainerItemProxy;
			containerPortal = 62E3CE0C2997D903008B868C /* Project object */;
			proxyType = 1;
			remoteGlobalIDString = 62E3CE132997D903008B868C;
			remoteInfo = TipCalculator;
		};
/* End PBXContainerItemProxy section */

/* Begin PBXFileReference section */
		62E3CE142997D903008B868C /* TipCalculator.app */ = {isa = PBXFileReference; explicitFileType = wrapper.application; includeInIndex = 0; path = TipCalculator.app; sourceTree = BUILT_PRODUCTS_DIR; };
		62E3CE172997D903008B868C /* AppDelegate.swift */ = {isa = PBXFileReference; lastKnownFileType = sourcecode.swift; path = AppDelegate.swift; sourceTree = "<group>"; };
		62E3CE192997D903008B868C /* SceneDelegate.swift */ = {isa = PBXFileReference; lastKnownFileType = sourcecode.swift; path = SceneDelegate.swift; sourceTree = "<group>"; };
		62E3CE1B2997D903008B868C /* CalculatorVC.swift */ = {isa = PBXFileReference; lastKnownFileType = sourcecode.swift; path = CalculatorVC.swift; sourceTree = "<group>"; };
		62E3CE1E2997D903008B868C /* Base */ = {isa = PBXFileReference; lastKnownFileType = file.storyboard; name = Base; path = Base.lproj/Main.storyboard; sourceTree = "<group>"; };
		62E3CE202997D904008B868C /* Assets.xcassets */ = {isa = PBXFileReference; lastKnownFileType = folder.assetcatalog; path = Assets.xcassets; sourceTree = "<group>"; };
		62E3CE232997D904008B868C /* Base */ = {isa = PBXFileReference; lastKnownFileType = file.storyboard; name = Base; path = Base.lproj/LaunchScreen.storyboard; sourceTree = "<group>"; };
		62E3CE252997D904008B868C /* Info.plist */ = {isa = PBXFileReference; lastKnownFileType = text.plist.xml; path = Info.plist; sourceTree = "<group>"; };
		62E3CE2A2997D905008B868C /* TipCalculatorTests.xctest */ = {isa = PBXFileReference; explicitFileType = wrapper.cfbundle; includeInIndex = 0; path = TipCalculatorTests.xctest; sourceTree = BUILT_PRODUCTS_DIR; };
		62E3CE2E2997D905008B868C /* TipCalculatorTests.swift */ = {isa = PBXFileReference; lastKnownFileType = sourcecode.swift; path = TipCalculatorTests.swift; sourceTree = "<group>"; };
		62E3CE342997D905008B868C /* TipCalculatorUITests.xctest */ = {isa = PBXFileReference; explicitFileType = wrapper.cfbundle; includeInIndex = 0; path = TipCalculatorUITests.xctest; sourceTree = BUILT_PRODUCTS_DIR; };
		62E3CE382997D905008B868C /* TipCalculatorUITests.swift */ = {isa = PBXFileReference; lastKnownFileType = sourcecode.swift; path = TipCalculatorUITests.swift; sourceTree = "<group>"; };
		62E3CE3A2997D905008B868C /* TipCalculatorUITestsLaunchTests.swift */ = {isa = PBXFileReference; lastKnownFileType = sourcecode.swift; path = TipCalculatorUITestsLaunchTests.swift; sourceTree = "<group>"; };
		62E3CE5729984F45008B868C /* LogoView.swift */ = {isa = PBXFileReference; lastKnownFileType = sourcecode.swift; path = LogoView.swift; sourceTree = "<group>"; };
		62E3CE5929985018008B868C /* ResultView.swift */ = {isa = PBXFileReference; lastKnownFileType = sourcecode.swift; path = ResultView.swift; sourceTree = "<group>"; };
		62E3CE5B2998502F008B868C /* BillInputView.swift */ = {isa = PBXFileReference; lastKnownFileType = sourcecode.swift; path = BillInputView.swift; sourceTree = "<group>"; };
		62E3CE5D29985040008B868C /* TipInputView.swift */ = {isa = PBXFileReference; lastKnownFileType = sourcecode.swift; path = TipInputView.swift; sourceTree = "<group>"; };
		62E3CE5F2998504B008B868C /* SplitInputView.swift */ = {isa = PBXFileReference; lastKnownFileType = sourcecode.swift; path = SplitInputView.swift; sourceTree = "<group>"; };
/* End PBXFileReference section */

/* Begin PBXFrameworksBuildPhase section */
		62E3CE112997D903008B868C /* Frameworks */ = {
			isa = PBXFrameworksBuildPhase;
			buildActionMask = 2147483647;
			files = (
				62E3CE492997D9D3008B868C /* CombineCocoa in Frameworks */,
				62E3CE4C2997D9F1008B868C /* SnapKit in Frameworks */,
			);
			runOnlyForDeploymentPostprocessing = 0;
		};
		62E3CE272997D905008B868C /* Frameworks */ = {
			isa = PBXFrameworksBuildPhase;
			buildActionMask = 2147483647;
			files = (
				62E3CE4F2997DA69008B868C /* CombineCocoa in Frameworks */,
				62E3CE522997DAA4008B868C /* SnapshotTesting in Frameworks */,
			);
			runOnlyForDeploymentPostprocessing = 0;
		};
		62E3CE312997D905008B868C /* Frameworks */ = {
			isa = PBXFrameworksBuildPhase;
			buildActionMask = 2147483647;
			files = (
				62E3CE542997DAAF008B868C /* CombineCocoa in Frameworks */,
			);
			runOnlyForDeploymentPostprocessing = 0;
		};
/* End PBXFrameworksBuildPhase section */

/* Begin PBXGroup section */
		62E3CE0B2997D903008B868C = {
			isa = PBXGroup;
			children = (
				62E3CE162997D903008B868C /* TipCalculator */,
				62E3CE2D2997D905008B868C /* TipCalculatorTests */,
				62E3CE372997D905008B868C /* TipCalculatorUITests */,
				62E3CE152997D903008B868C /* Products */,
				62E3CE4D2997DA69008B868C /* Frameworks */,
			);
			sourceTree = "<group>";
		};
		62E3CE152997D903008B868C /* Products */ = {
			isa = PBXGroup;
			children = (
				62E3CE142997D903008B868C /* TipCalculator.app */,
				62E3CE2A2997D905008B868C /* TipCalculatorTests.xctest */,
				62E3CE342997D905008B868C /* TipCalculatorUITests.xctest */,
			);
			name = Products;
			sourceTree = "<group>";
		};
		62E3CE162997D903008B868C /* TipCalculator */ = {
			isa = PBXGroup;
			children = (
				62E3CE5629984F2D008B868C /* View */,
				62E3CE172997D903008B868C /* AppDelegate.swift */,
				62E3CE192997D903008B868C /* SceneDelegate.swift */,
				62E3CE1B2997D903008B868C /* CalculatorVC.swift */,
				62E3CE1D2997D903008B868C /* Main.storyboard */,
				62E3CE202997D904008B868C /* Assets.xcassets */,
				62E3CE222997D904008B868C /* LaunchScreen.storyboard */,
				62E3CE252997D904008B868C /* Info.plist */,
			);
			path = TipCalculator;
			sourceTree = "<group>";
		};
		62E3CE2D2997D905008B868C /* TipCalculatorTests */ = {
			isa = PBXGroup;
			children = (
				62E3CE2E2997D905008B868C /* TipCalculatorTests.swift */,
			);
			path = TipCalculatorTests;
			sourceTree = "<group>";
		};
		62E3CE372997D905008B868C /* TipCalculatorUITests */ = {
			isa = PBXGroup;
			children = (
				62E3CE382997D905008B868C /* TipCalculatorUITests.swift */,
				62E3CE3A2997D905008B868C /* TipCalculatorUITestsLaunchTests.swift */,
			);
			path = TipCalculatorUITests;
			sourceTree = "<group>";
		};
		62E3CE4D2997DA69008B868C /* Frameworks */ = {
			isa = PBXGroup;
			children = (
			);
			name = Frameworks;
			sourceTree = "<group>";
		};
		62E3CE5629984F2D008B868C /* View */ = {
			isa = PBXGroup;
			children = (
				62E3CE5729984F45008B868C /* LogoView.swift */,
				62E3CE5929985018008B868C /* ResultView.swift */,
				62E3CE5B2998502F008B868C /* BillInputView.swift */,
				62E3CE5D29985040008B868C /* TipInputView.swift */,
				62E3CE5F2998504B008B868C /* SplitInputView.swift */,
			);
			path = View;
			sourceTree = "<group>";
		};
/* End PBXGroup section */

/* Begin PBXNativeTarget section */
		62E3CE132997D903008B868C /* TipCalculator */ = {
			isa = PBXNativeTarget;
			buildConfigurationList = 62E3CE3E2997D905008B868C /* Build configuration list for PBXNativeTarget "TipCalculator" */;
			buildPhases = (
				62E3CE102997D903008B868C /* Sources */,
				62E3CE112997D903008B868C /* Frameworks */,
				62E3CE122997D903008B868C /* Resources */,
			);
			buildRules = (
			);
			dependencies = (
			);
			name = TipCalculator;
			packageProductDependencies = (
				62E3CE482997D9D3008B868C /* CombineCocoa */,
				62E3CE4B2997D9F1008B868C /* SnapKit */,
			);
			productName = TipCalculator;
			productReference = 62E3CE142997D903008B868C /* TipCalculator.app */;
			productType = "com.apple.product-type.application";
		};
		62E3CE292997D905008B868C /* TipCalculatorTests */ = {
			isa = PBXNativeTarget;
			buildConfigurationList = 62E3CE412997D905008B868C /* Build configuration list for PBXNativeTarget "TipCalculatorTests" */;
			buildPhases = (
				62E3CE262997D905008B868C /* Sources */,
				62E3CE272997D905008B868C /* Frameworks */,
				62E3CE282997D905008B868C /* Resources */,
			);
			buildRules = (
			);
			dependencies = (
				62E3CE2C2997D905008B868C /* PBXTargetDependency */,
			);
			name = TipCalculatorTests;
			packageProductDependencies = (
				62E3CE4E2997DA69008B868C /* CombineCocoa */,
				62E3CE512997DAA4008B868C /* SnapshotTesting */,
			);
			productName = TipCalculatorTests;
			productReference = 62E3CE2A2997D905008B868C /* TipCalculatorTests.xctest */;
			productType = "com.apple.product-type.bundle.unit-test";
		};
		62E3CE332997D905008B868C /* TipCalculatorUITests */ = {
			isa = PBXNativeTarget;
			buildConfigurationList = 62E3CE442997D905008B868C /* Build configuration list for PBXNativeTarget "TipCalculatorUITests" */;
			buildPhases = (
				62E3CE302997D905008B868C /* Sources */,
				62E3CE312997D905008B868C /* Frameworks */,
				62E3CE322997D905008B868C /* Resources */,
			);
			buildRules = (
			);
			dependencies = (
				62E3CE362997D905008B868C /* PBXTargetDependency */,
			);
			name = TipCalculatorUITests;
			packageProductDependencies = (
				62E3CE532997DAAF008B868C /* CombineCocoa */,
			);
			productName = TipCalculatorUITests;
			productReference = 62E3CE342997D905008B868C /* TipCalculatorUITests.xctest */;
			productType = "com.apple.product-type.bundle.ui-testing";
		};
/* End PBXNativeTarget section */

/* Begin PBXProject section */
		62E3CE0C2997D903008B868C /* Project object */ = {
			isa = PBXProject;
			attributes = {
				BuildIndependentTargetsInParallel = 1;
				LastSwiftUpdateCheck = 1420;
				LastUpgradeCheck = 1420;
				TargetAttributes = {
					62E3CE132997D903008B868C = {
						CreatedOnToolsVersion = 14.2;
					};
					62E3CE292997D905008B868C = {
						CreatedOnToolsVersion = 14.2;
						TestTargetID = 62E3CE132997D903008B868C;
					};
					62E3CE332997D905008B868C = {
						CreatedOnToolsVersion = 14.2;
						TestTargetID = 62E3CE132997D903008B868C;
					};
				};
			};
			buildConfigurationList = 62E3CE0F2997D903008B868C /* Build configuration list for PBXProject "TipCalculator" */;
			compatibilityVersion = "Xcode 14.0";
			developmentRegion = en;
			hasScannedForEncodings = 0;
			knownRegions = (
				en,
				Base,
			);
			mainGroup = 62E3CE0B2997D903008B868C;
			packageReferences = (
				62E3CE472997D9D3008B868C /* XCRemoteSwiftPackageReference "CombineCocoa" */,
				62E3CE4A2997D9F1008B868C /* XCRemoteSwiftPackageReference "SnapKit" */,
				62E3CE502997DAA4008B868C /* XCRemoteSwiftPackageReference "swift-snapshot-testing" */,
			);
			productRefGroup = 62E3CE152997D903008B868C /* Products */;
			projectDirPath = "";
			projectRoot = "";
			targets = (
				62E3CE132997D903008B868C /* TipCalculator */,
				62E3CE292997D905008B868C /* TipCalculatorTests */,
				62E3CE332997D905008B868C /* TipCalculatorUITests */,
			);
		};
/* End PBXProject section */

/* Begin PBXResourcesBuildPhase section */
		62E3CE122997D903008B868C /* Resources */ = {
			isa = PBXResourcesBuildPhase;
			buildActionMask = 2147483647;
			files = (
				62E3CE242997D904008B868C /* LaunchScreen.storyboard in Resources */,
				62E3CE212997D904008B868C /* Assets.xcassets in Resources */,
				62E3CE1F2997D903008B868C /* Main.storyboard in Resources */,
			);
			runOnlyForDeploymentPostprocessing = 0;
		};
		62E3CE282997D905008B868C /* Resources */ = {
			isa = PBXResourcesBuildPhase;
			buildActionMask = 2147483647;
			files = (
			);
			runOnlyForDeploymentPostprocessing = 0;
		};
		62E3CE322997D905008B868C /* Resources */ = {
			isa = PBXResourcesBuildPhase;
			buildActionMask = 2147483647;
			files = (
			);
			runOnlyForDeploymentPostprocessing = 0;
		};
/* End PBXResourcesBuildPhase section */

/* Begin PBXSourcesBuildPhase section */
		62E3CE102997D903008B868C /* Sources */ = {
			isa = PBXSourcesBuildPhase;
			buildActionMask = 2147483647;
			files = (
				62E3CE1C2997D903008B868C /* CalculatorVC.swift in Sources */,
				62E3CE5829984F45008B868C /* LogoView.swift in Sources */,
				62E3CE5C2998502F008B868C /* BillInputView.swift in Sources */,
				62E3CE5A29985018008B868C /* ResultView.swift in Sources */,
				62E3CE182997D903008B868C /* AppDelegate.swift in Sources */,
				62E3CE1A2997D903008B868C /* SceneDelegate.swift in Sources */,
				62E3CE602998504B008B868C /* SplitInputView.swift in Sources */,
				62E3CE5E29985040008B868C /* TipInputView.swift in Sources */,
			);
			runOnlyForDeploymentPostprocessing = 0;
		};
		62E3CE262997D905008B868C /* Sources */ = {
			isa = PBXSourcesBuildPhase;
			buildActionMask = 2147483647;
			files = (
				62E3CE2F2997D905008B868C /* TipCalculatorTests.swift in Sources */,
			);
			runOnlyForDeploymentPostprocessing = 0;
		};
		62E3CE302997D905008B868C /* Sources */ = {
			isa = PBXSourcesBuildPhase;
			buildActionMask = 2147483647;
			files = (
				62E3CE3B2997D905008B868C /* TipCalculatorUITestsLaunchTests.swift in Sources */,
				62E3CE392997D905008B868C /* TipCalculatorUITests.swift in Sources */,
			);
			runOnlyForDeploymentPostprocessing = 0;
		};
/* End PBXSourcesBuildPhase section */

/* Begin PBXTargetDependency section */
		62E3CE2C2997D905008B868C /* PBXTargetDependency */ = {
			isa = PBXTargetDependency;
			target = 62E3CE132997D903008B868C /* TipCalculator */;
			targetProxy = 62E3CE2B2997D905008B868C /* PBXContainerItemProxy */;
		};
		62E3CE362997D905008B868C /* PBXTargetDependency */ = {
			isa = PBXTargetDependency;
			target = 62E3CE132997D903008B868C /* TipCalculator */;
			targetProxy = 62E3CE352997D905008B868C /* PBXContainerItemProxy */;
		};
/* End PBXTargetDependency section */

/* Begin PBXVariantGroup section */
		62E3CE1D2997D903008B868C /* Main.storyboard */ = {
			isa = PBXVariantGroup;
			children = (
				62E3CE1E2997D903008B868C /* Base */,
			);
			name = Main.storyboard;
			sourceTree = "<group>";
		};
		62E3CE222997D904008B868C /* LaunchScreen.storyboard */ = {
			isa = PBXVariantGroup;
			children = (
				62E3CE232997D904008B868C /* Base */,
			);
			name = LaunchScreen.storyboard;
			sourceTree = "<group>";
		};
/* End PBXVariantGroup section */

/* Begin XCBuildConfiguration section */
		62E3CE3C2997D905008B868C /* Debug */ = {
			isa = XCBuildConfiguration;
			buildSettings = {
				ALWAYS_SEARCH_USER_PATHS = NO;
				CLANG_ANALYZER_NONNULL = YES;
				CLANG_ANALYZER_NUMBER_OBJECT_CONVERSION = YES_AGGRESSIVE;
				CLANG_CXX_LANGUAGE_STANDARD = "gnu++20";
				CLANG_ENABLE_MODULES = YES;
				CLANG_ENABLE_OBJC_ARC = YES;
				CLANG_ENABLE_OBJC_WEAK = YES;
				CLANG_WARN_BLOCK_CAPTURE_AUTORELEASING = YES;
				CLANG_WARN_BOOL_CONVERSION = YES;
				CLANG_WARN_COMMA = YES;
				CLANG_WARN_CONSTANT_CONVERSION = YES;
				CLANG_WARN_DEPRECATED_OBJC_IMPLEMENTATIONS = YES;
				CLANG_WARN_DIRECT_OBJC_ISA_USAGE = YES_ERROR;
				CLANG_WARN_DOCUMENTATION_COMMENTS = YES;
				CLANG_WARN_EMPTY_BODY = YES;
				CLANG_WARN_ENUM_CONVERSION = YES;
				CLANG_WARN_INFINITE_RECURSION = YES;
				CLANG_WARN_INT_CONVERSION = YES;
				CLANG_WARN_NON_LITERAL_NULL_CONVERSION = YES;
				CLANG_WARN_OBJC_IMPLICIT_RETAIN_SELF = YES;
				CLANG_WARN_OBJC_LITERAL_CONVERSION = YES;
				CLANG_WARN_OBJC_ROOT_CLASS = YES_ERROR;
				CLANG_WARN_QUOTED_INCLUDE_IN_FRAMEWORK_HEADER = YES;
				CLANG_WARN_RANGE_LOOP_ANALYSIS = YES;
				CLANG_WARN_STRICT_PROTOTYPES = YES;
				CLANG_WARN_SUSPICIOUS_MOVE = YES;
				CLANG_WARN_UNGUARDED_AVAILABILITY = YES_AGGRESSIVE;
				CLANG_WARN_UNREACHABLE_CODE = YES;
				CLANG_WARN__DUPLICATE_METHOD_MATCH = YES;
				COPY_PHASE_STRIP = NO;
				DEBUG_INFORMATION_FORMAT = dwarf;
				ENABLE_STRICT_OBJC_MSGSEND = YES;
				ENABLE_TESTABILITY = YES;
				GCC_C_LANGUAGE_STANDARD = gnu11;
				GCC_DYNAMIC_NO_PIC = NO;
				GCC_NO_COMMON_BLOCKS = YES;
				GCC_OPTIMIZATION_LEVEL = 0;
				GCC_PREPROCESSOR_DEFINITIONS = (
					"DEBUG=1",
					"$(inherited)",
				);
				GCC_WARN_64_TO_32_BIT_CONVERSION = YES;
				GCC_WARN_ABOUT_RETURN_TYPE = YES_ERROR;
				GCC_WARN_UNDECLARED_SELECTOR = YES;
				GCC_WARN_UNINITIALIZED_AUTOS = YES_AGGRESSIVE;
				GCC_WARN_UNUSED_FUNCTION = YES;
				GCC_WARN_UNUSED_VARIABLE = YES;
				IPHONEOS_DEPLOYMENT_TARGET = 16.2;
				MTL_ENABLE_DEBUG_INFO = INCLUDE_SOURCE;
				MTL_FAST_MATH = YES;
				ONLY_ACTIVE_ARCH = YES;
				SDKROOT = iphoneos;
				SWIFT_ACTIVE_COMPILATION_CONDITIONS = DEBUG;
				SWIFT_OPTIMIZATION_LEVEL = "-Onone";
			};
			name = Debug;
		};
		62E3CE3D2997D905008B868C /* Release */ = {
			isa = XCBuildConfiguration;
			buildSettings = {
				ALWAYS_SEARCH_USER_PATHS = NO;
				CLANG_ANALYZER_NONNULL = YES;
				CLANG_ANALYZER_NUMBER_OBJECT_CONVERSION = YES_AGGRESSIVE;
				CLANG_CXX_LANGUAGE_STANDARD = "gnu++20";
				CLANG_ENABLE_MODULES = YES;
				CLANG_ENABLE_OBJC_ARC = YES;
				CLANG_ENABLE_OBJC_WEAK = YES;
				CLANG_WARN_BLOCK_CAPTURE_AUTORELEASING = YES;
				CLANG_WARN_BOOL_CONVERSION = YES;
				CLANG_WARN_COMMA = YES;
				CLANG_WARN_CONSTANT_CONVERSION = YES;
				CLANG_WARN_DEPRECATED_OBJC_IMPLEMENTATIONS = YES;
				CLANG_WARN_DIRECT_OBJC_ISA_USAGE = YES_ERROR;
				CLANG_WARN_DOCUMENTATION_COMMENTS = YES;
				CLANG_WARN_EMPTY_BODY = YES;
				CLANG_WARN_ENUM_CONVERSION = YES;
				CLANG_WARN_INFINITE_RECURSION = YES;
				CLANG_WARN_INT_CONVERSION = YES;
				CLANG_WARN_NON_LITERAL_NULL_CONVERSION = YES;
				CLANG_WARN_OBJC_IMPLICIT_RETAIN_SELF = YES;
				CLANG_WARN_OBJC_LITERAL_CONVERSION = YES;
				CLANG_WARN_OBJC_ROOT_CLASS = YES_ERROR;
				CLANG_WARN_QUOTED_INCLUDE_IN_FRAMEWORK_HEADER = YES;
				CLANG_WARN_RANGE_LOOP_ANALYSIS = YES;
				CLANG_WARN_STRICT_PROTOTYPES = YES;
				CLANG_WARN_SUSPICIOUS_MOVE = YES;
				CLANG_WARN_UNGUARDED_AVAILABILITY = YES_AGGRESSIVE;
				CLANG_WARN_UNREACHABLE_CODE = YES;
				CLANG_WARN__DUPLICATE_METHOD_MATCH = YES;
				COPY_PHASE_STRIP = NO;
				DEBUG_INFORMATION_FORMAT = "dwarf-with-dsym";
				ENABLE_NS_ASSERTIONS = NO;
				ENABLE_STRICT_OBJC_MSGSEND = YES;
				GCC_C_LANGUAGE_STANDARD = gnu11;
				GCC_NO_COMMON_BLOCKS = YES;
				GCC_WARN_64_TO_32_BIT_CONVERSION = YES;
				GCC_WARN_ABOUT_RETURN_TYPE = YES_ERROR;
				GCC_WARN_UNDECLARED_SELECTOR = YES;
				GCC_WARN_UNINITIALIZED_AUTOS = YES_AGGRESSIVE;
				GCC_WARN_UNUSED_FUNCTION = YES;
				GCC_WARN_UNUSED_VARIABLE = YES;
				IPHONEOS_DEPLOYMENT_TARGET = 16.2;
				MTL_ENABLE_DEBUG_INFO = NO;
				MTL_FAST_MATH = YES;
				SDKROOT = iphoneos;
				SWIFT_COMPILATION_MODE = wholemodule;
				SWIFT_OPTIMIZATION_LEVEL = "-O";
				VALIDATE_PRODUCT = YES;
			};
			name = Release;
		};
		62E3CE3F2997D905008B868C /* Debug */ = {
			isa = XCBuildConfiguration;
			buildSettings = {
				ASSETCATALOG_COMPILER_APPICON_NAME = AppIcon;
				ASSETCATALOG_COMPILER_GLOBAL_ACCENT_COLOR_NAME = AccentColor;
				CODE_SIGN_STYLE = Automatic;
				CURRENT_PROJECT_VERSION = 1;
				DEVELOPMENT_TEAM = AV4T8M55V5;
				GENERATE_INFOPLIST_FILE = YES;
				INFOPLIST_FILE = TipCalculator/Info.plist;
				INFOPLIST_KEY_UIApplicationSupportsIndirectInputEvents = YES;
				INFOPLIST_KEY_UILaunchStoryboardName = LaunchScreen;
				INFOPLIST_KEY_UISupportedInterfaceOrientations_iPad = "UIInterfaceOrientationPortrait UIInterfaceOrientationPortraitUpsideDown UIInterfaceOrientationLandscapeLeft UIInterfaceOrientationLandscapeRight";
				INFOPLIST_KEY_UISupportedInterfaceOrientations_iPhone = "UIInterfaceOrientationPortrait UIInterfaceOrientationLandscapeLeft UIInterfaceOrientationLandscapeRight";
				LD_RUNPATH_SEARCH_PATHS = (
					"$(inherited)",
					"@executable_path/Frameworks",
				);
				MARKETING_VERSION = 1.0;
				PRODUCT_BUNDLE_IDENTIFIER = com.sebasorozcob.TipCalculator;
				PRODUCT_NAME = "$(TARGET_NAME)";
				SWIFT_EMIT_LOC_STRINGS = YES;
				SWIFT_VERSION = 5.0;
				TARGETED_DEVICE_FAMILY = "1,2";
			};
			name = Debug;
		};
		62E3CE402997D905008B868C /* Release */ = {
			isa = XCBuildConfiguration;
			buildSettings = {
				ASSETCATALOG_COMPILER_APPICON_NAME = AppIcon;
				ASSETCATALOG_COMPILER_GLOBAL_ACCENT_COLOR_NAME = AccentColor;
				CODE_SIGN_STYLE = Automatic;
				CURRENT_PROJECT_VERSION = 1;
				DEVELOPMENT_TEAM = AV4T8M55V5;
				GENERATE_INFOPLIST_FILE = YES;
				INFOPLIST_FILE = TipCalculator/Info.plist;
				INFOPLIST_KEY_UIApplicationSupportsIndirectInputEvents = YES;
				INFOPLIST_KEY_UILaunchStoryboardName = LaunchScreen;
				INFOPLIST_KEY_UISupportedInterfaceOrientations_iPad = "UIInterfaceOrientationPortrait UIInterfaceOrientationPortraitUpsideDown UIInterfaceOrientationLandscapeLeft UIInterfaceOrientationLandscapeRight";
				INFOPLIST_KEY_UISupportedInterfaceOrientations_iPhone = "UIInterfaceOrientationPortrait UIInterfaceOrientationLandscapeLeft UIInterfaceOrientationLandscapeRight";
				LD_RUNPATH_SEARCH_PATHS = (
					"$(inherited)",
					"@executable_path/Frameworks",
				);
				MARKETING_VERSION = 1.0;
				PRODUCT_BUNDLE_IDENTIFIER = com.sebasorozcob.TipCalculator;
				PRODUCT_NAME = "$(TARGET_NAME)";
				SWIFT_EMIT_LOC_STRINGS = YES;
				SWIFT_VERSION = 5.0;
				TARGETED_DEVICE_FAMILY = "1,2";
			};
			name = Release;
		};
		62E3CE422997D905008B868C /* Debug */ = {
			isa = XCBuildConfiguration;
			buildSettings = {
				ALWAYS_EMBED_SWIFT_STANDARD_LIBRARIES = YES;
				BUNDLE_LOADER = "$(TEST_HOST)";
				CODE_SIGN_STYLE = Automatic;
				CURRENT_PROJECT_VERSION = 1;
				DEVELOPMENT_TEAM = AV4T8M55V5;
				GENERATE_INFOPLIST_FILE = YES;
				IPHONEOS_DEPLOYMENT_TARGET = 16.2;
				MARKETING_VERSION = 1.0;
				PRODUCT_BUNDLE_IDENTIFIER = com.sebasorozcob.TipCalculatorTests;
				PRODUCT_NAME = "$(TARGET_NAME)";
				SWIFT_EMIT_LOC_STRINGS = NO;
				SWIFT_VERSION = 5.0;
				TARGETED_DEVICE_FAMILY = "1,2";
				TEST_HOST = "$(BUILT_PRODUCTS_DIR)/TipCalculator.app/$(BUNDLE_EXECUTABLE_FOLDER_PATH)/TipCalculator";
			};
			name = Debug;
		};
		62E3CE432997D905008B868C /* Release */ = {
			isa = XCBuildConfiguration;
			buildSettings = {
				ALWAYS_EMBED_SWIFT_STANDARD_LIBRARIES = YES;
				BUNDLE_LOADER = "$(TEST_HOST)";
				CODE_SIGN_STYLE = Automatic;
				CURRENT_PROJECT_VERSION = 1;
				DEVELOPMENT_TEAM = AV4T8M55V5;
				GENERATE_INFOPLIST_FILE = YES;
				IPHONEOS_DEPLOYMENT_TARGET = 16.2;
				MARKETING_VERSION = 1.0;
				PRODUCT_BUNDLE_IDENTIFIER = com.sebasorozcob.TipCalculatorTests;
				PRODUCT_NAME = "$(TARGET_NAME)";
				SWIFT_EMIT_LOC_STRINGS = NO;
				SWIFT_VERSION = 5.0;
				TARGETED_DEVICE_FAMILY = "1,2";
				TEST_HOST = "$(BUILT_PRODUCTS_DIR)/TipCalculator.app/$(BUNDLE_EXECUTABLE_FOLDER_PATH)/TipCalculator";
			};
			name = Release;
		};
		62E3CE452997D905008B868C /* Debug */ = {
			isa = XCBuildConfiguration;
			buildSettings = {
				ALWAYS_EMBED_SWIFT_STANDARD_LIBRARIES = YES;
				CODE_SIGN_STYLE = Automatic;
				CURRENT_PROJECT_VERSION = 1;
				DEVELOPMENT_TEAM = AV4T8M55V5;
				GENERATE_INFOPLIST_FILE = YES;
				MARKETING_VERSION = 1.0;
				PRODUCT_BUNDLE_IDENTIFIER = com.sebasorozcob.TipCalculatorUITests;
				PRODUCT_NAME = "$(TARGET_NAME)";
				SWIFT_EMIT_LOC_STRINGS = NO;
				SWIFT_VERSION = 5.0;
				TARGETED_DEVICE_FAMILY = "1,2";
				TEST_TARGET_NAME = TipCalculator;
			};
			name = Debug;
		};
		62E3CE462997D905008B868C /* Release */ = {
			isa = XCBuildConfiguration;
			buildSettings = {
				ALWAYS_EMBED_SWIFT_STANDARD_LIBRARIES = YES;
				CODE_SIGN_STYLE = Automatic;
				CURRENT_PROJECT_VERSION = 1;
				DEVELOPMENT_TEAM = AV4T8M55V5;
				GENERATE_INFOPLIST_FILE = YES;
				MARKETING_VERSION = 1.0;
				PRODUCT_BUNDLE_IDENTIFIER = com.sebasorozcob.TipCalculatorUITests;
				PRODUCT_NAME = "$(TARGET_NAME)";
				SWIFT_EMIT_LOC_STRINGS = NO;
				SWIFT_VERSION = 5.0;
				TARGETED_DEVICE_FAMILY = "1,2";
				TEST_TARGET_NAME = TipCalculator;
			};
			name = Release;
		};
/* End XCBuildConfiguration section */

/* Begin XCConfigurationList section */
		62E3CE0F2997D903008B868C /* Build configuration list for PBXProject "TipCalculator" */ = {
			isa = XCConfigurationList;
			buildConfigurations = (
				62E3CE3C2997D905008B868C /* Debug */,
				62E3CE3D2997D905008B868C /* Release */,
			);
			defaultConfigurationIsVisible = 0;
			defaultConfigurationName = Release;
		};
		62E3CE3E2997D905008B868C /* Build configuration list for PBXNativeTarget "TipCalculator" */ = {
			isa = XCConfigurationList;
			buildConfigurations = (
				62E3CE3F2997D905008B868C /* Debug */,
				62E3CE402997D905008B868C /* Release */,
			);
			defaultConfigurationIsVisible = 0;
			defaultConfigurationName = Release;
		};
		62E3CE412997D905008B868C /* Build configuration list for PBXNativeTarget "TipCalculatorTests" */ = {
			isa = XCConfigurationList;
			buildConfigurations = (
				62E3CE422997D905008B868C /* Debug */,
				62E3CE432997D905008B868C /* Release */,
			);
			defaultConfigurationIsVisible = 0;
			defaultConfigurationName = Release;
		};
		62E3CE442997D905008B868C /* Build configuration list for PBXNativeTarget "TipCalculatorUITests" */ = {
			isa = XCConfigurationList;
			buildConfigurations = (
				62E3CE452997D905008B868C /* Debug */,
				62E3CE462997D905008B868C /* Release */,
			);
			defaultConfigurationIsVisible = 0;
			defaultConfigurationName = Release;
		};
/* End XCConfigurationList section */

/* Begin XCRemoteSwiftPackageReference section */
		62E3CE472997D9D3008B868C /* XCRemoteSwiftPackageReference "CombineCocoa" */ = {
			isa = XCRemoteSwiftPackageReference;
			repositoryURL = "https://github.com/CombineCommunity/CombineCocoa";
			requirement = {
				kind = upToNextMinorVersion;
				minimumVersion = 0.4.1;
			};
		};
		62E3CE4A2997D9F1008B868C /* XCRemoteSwiftPackageReference "SnapKit" */ = {
			isa = XCRemoteSwiftPackageReference;
			repositoryURL = "https://github.com/SnapKit/SnapKit";
			requirement = {
				kind = upToNextMajorVersion;
				minimumVersion = 5.0.0;
			};
		};
		62E3CE502997DAA4008B868C /* XCRemoteSwiftPackageReference "swift-snapshot-testing" */ = {
			isa = XCRemoteSwiftPackageReference;
			repositoryURL = "https://github.com/pointfreeco/swift-snapshot-testing";
			requirement = {
				kind = upToNextMinorVersion;
				minimumVersion = 1.9.0;
			};
		};
/* End XCRemoteSwiftPackageReference section */

/* Begin XCSwiftPackageProductDependency section */
		62E3CE482997D9D3008B868C /* CombineCocoa */ = {
			isa = XCSwiftPackageProductDependency;
			package = 62E3CE472997D9D3008B868C /* XCRemoteSwiftPackageReference "CombineCocoa" */;
			productName = CombineCocoa;
		};
		62E3CE4B2997D9F1008B868C /* SnapKit */ = {
			isa = XCSwiftPackageProductDependency;
			package = 62E3CE4A2997D9F1008B868C /* XCRemoteSwiftPackageReference "SnapKit" */;
			productName = SnapKit;
		};
		62E3CE4E2997DA69008B868C /* CombineCocoa */ = {
			isa = XCSwiftPackageProductDependency;
			package = 62E3CE472997D9D3008B868C /* XCRemoteSwiftPackageReference "CombineCocoa" */;
			productName = CombineCocoa;
		};
		62E3CE512997DAA4008B868C /* SnapshotTesting */ = {
			isa = XCSwiftPackageProductDependency;
			package = 62E3CE502997DAA4008B868C /* XCRemoteSwiftPackageReference "swift-snapshot-testing" */;
			productName = SnapshotTesting;
		};
		62E3CE532997DAAF008B868C /* CombineCocoa */ = {
			isa = XCSwiftPackageProductDependency;
			package = 62E3CE472997D9D3008B868C /* XCRemoteSwiftPackageReference "CombineCocoa" */;
			productName = CombineCocoa;
		};
/* End XCSwiftPackageProductDependency section */
	};
	rootObject = 62E3CE0C2997D903008B868C /* Project object */;
}
